
Microsoft Visual Studio Solution File, Format Version 12.00
# Visual Studio Version 17
VisualStudioVersion = 17.8.34511.84
MinimumVisualStudioVersion = 10.0.40219.1
Project("{FAE04EC0-301F-11D3-BF4B-00C04F79EFBC}") = "todoappAPI", "todoappAPI\todoappAPI.csproj", "{C190AD9F-5CAF-45CE-8C9E-F244240B70D0}"
EndProject
Global
	GlobalSection(SolutionConfigurationPlatforms) = preSolution
		Debug|Any CPU = Debug|Any CPU
		Release|Any CPU = Release|Any CPU
	EndGlobalSection
	GlobalSection(ProjectConfigurationPlatforms) = postSolution
		{C190AD9F-5CAF-45CE-8C9E-F244240B70D0}.Debug|Any CPU.ActiveCfg = Debug|Any CPU
		{C190AD9F-5CAF-45CE-8C9E-F244240B70D0}.Debug|Any CPU.Build.0 = Debug|Any CPU
		{C190AD9F-5CAF-45CE-8C9E-F244240B70D0}.Release|Any CPU.ActiveCfg = Release|Any CPU
		{C190AD9F-5CAF-45CE-8C9E-F244240B70D0}.Release|Any CPU.Build.0 = Release|Any CPU
	EndGlobalSection
	GlobalSection(SolutionProperties) = preSolution
		HideSolutionNode = FALSE
	EndGlobalSection
	GlobalSection(ExtensibilityGlobals) = postSolution
		SolutionGuid = {8B01F04B-7237-4830-BBBC-148FE7C75A01}
	EndGlobalSection
EndGlobal
